// !$*UTF8*$!
{
	archiveVersion = 1;
	classes = {
	};
	objectVersion = 56;
	objects = {

/* Begin PBXBuildFile section */
		6938C7412B6D3097004B9237 /* Constants.swift in Sources */ = {isa = PBXBuildFile; fileRef = 6938C7402B6D3097004B9237 /* Constants.swift */; };
		6938C7432B6D42D0004B9237 /* Character.swift in Sources */ = {isa = PBXBuildFile; fileRef = 6938C7422B6D42D0004B9237 /* Character.swift */; };
		6938C7452B6D43E8004B9237 /* NetworkManager.swift in Sources */ = {isa = PBXBuildFile; fileRef = 6938C7442B6D43E8004B9237 /* NetworkManager.swift */; };
		6938C7472B70EBCC004B9237 /* ViewModel.swift in Sources */ = {isa = PBXBuildFile; fileRef = 6938C7462B70EBCC004B9237 /* ViewModel.swift */; };
		6938C74B2B70ED77004B9237 /* Helpers.swift in Sources */ = {isa = PBXBuildFile; fileRef = 6938C74A2B70ED77004B9237 /* Helpers.swift */; };
		6938C74D2B711C56004B9237 /* ListView.swift in Sources */ = {isa = PBXBuildFile; fileRef = 6938C74C2B711C56004B9237 /* ListView.swift */; };
		69C5B9162B6D28CF000FE25B /* APICallsApp.swift in Sources */ = {isa = PBXBuildFile; fileRef = 69C5B9152B6D28CF000FE25B /* APICallsApp.swift */; };
		69C5B9182B6D28CF000FE25B /* ContentView.swift in Sources */ = {isa = PBXBuildFile; fileRef = 69C5B9172B6D28CF000FE25B /* ContentView.swift */; };
		69C5B91A2B6D28D1000FE25B /* Assets.xcassets in Resources */ = {isa = PBXBuildFile; fileRef = 69C5B9192B6D28D1000FE25B /* Assets.xcassets */; };
		69C5B91E2B6D28D1000FE25B /* Preview Assets.xcassets in Resources */ = {isa = PBXBuildFile; fileRef = 69C5B91D2B6D28D1000FE25B /* Preview Assets.xcassets */; };
/* End PBXBuildFile section */

/* Begin PBXFileReference section */
		6938C7402B6D3097004B9237 /* Constants.swift */ = {isa = PBXFileReference; lastKnownFileType = sourcecode.swift; path = Constants.swift; sourceTree = "<group>"; };
		6938C7422B6D42D0004B9237 /* Character.swift */ = {isa = PBXFileReference; lastKnownFileType = sourcecode.swift; path = Character.swift; sourceTree = "<group>"; };
		6938C7442B6D43E8004B9237 /* NetworkManager.swift */ = {isa = PBXFileReference; lastKnownFileType = sourcecode.swift; path = NetworkManager.swift; sourceTree = "<group>"; };
		6938C7462B70EBCC004B9237 /* ViewModel.swift */ = {isa = PBXFileReference; lastKnownFileType = sourcecode.swift; path = ViewModel.swift; sourceTree = "<group>"; };
		6938C74A2B70ED77004B9237 /* Helpers.swift */ = {isa = PBXFileReference; lastKnownFileType = sourcecode.swift; path = Helpers.swift; sourceTree = "<group>"; };
		6938C74C2B711C56004B9237 /* ListView.swift */ = {isa = PBXFileReference; lastKnownFileType = sourcecode.swift; path = ListView.swift; sourceTree = "<group>"; };
		69C5B9122B6D28CF000FE25B /* APICalls.app */ = {isa = PBXFileReference; explicitFileType = wrapper.application; includeInIndex = 0; path = APICalls.app; sourceTree = BUILT_PRODUCTS_DIR; };
		69C5B9152B6D28CF000FE25B /* APICallsApp.swift */ = {isa = PBXFileReference; lastKnownFileType = sourcecode.swift; path = APICallsApp.swift; sourceTree = "<group>"; };
		69C5B9172B6D28CF000FE25B /* ContentView.swift */ = {isa = PBXFileReference; lastKnownFileType = sourcecode.swift; path = ContentView.swift; sourceTree = "<group>"; };
		69C5B9192B6D28D1000FE25B /* Assets.xcassets */ = {isa = PBXFileReference; lastKnownFileType = folder.assetcatalog; path = Assets.xcassets; sourceTree = "<group>"; };
		69C5B91B2B6D28D1000FE25B /* APICalls.entitlements */ = {isa = PBXFileReference; lastKnownFileType = text.plist.entitlements; path = APICalls.entitlements; sourceTree = "<group>"; };
		69C5B91D2B6D28D1000FE25B /* Preview Assets.xcassets */ = {isa = PBXFileReference; lastKnownFileType = folder.assetcatalog; path = "Preview Assets.xcassets"; sourceTree = "<group>"; };
/* End PBXFileReference section */

/* Begin PBXFrameworksBuildPhase section */
		69C5B90F2B6D28CF000FE25B /* Frameworks */ = {
			isa = PBXFrameworksBuildPhase;
			buildActionMask = 2147483647;
			files = (
			);
			runOnlyForDeploymentPostprocessing = 0;
		};
/* End PBXFrameworksBuildPhase section */

/* Begin PBXGroup section */
		6938C74E2B7129CF004B9237 /* Views */ = {
			isa = PBXGroup;
			children = (
				69C5B9172B6D28CF000FE25B /* ContentView.swift */,
				6938C74C2B711C56004B9237 /* ListView.swift */,
			);
			path = Views;
			sourceTree = "<group>";
		};
		6938C74F2B7129F1004B9237 /* Utils */ = {
			isa = PBXGroup;
			children = (
				6938C7402B6D3097004B9237 /* Constants.swift */,
				6938C74A2B70ED77004B9237 /* Helpers.swift */,
			);
			path = Utils;
			sourceTree = "<group>";
		};
		6938C7502B712B36004B9237 /* Models */ = {
			isa = PBXGroup;
			children = (
				6938C7422B6D42D0004B9237 /* Character.swift */,
			);
			path = Models;
			sourceTree = "<group>";
		};
		6938C7512B712B3C004B9237 /* ViewModels */ = {
			isa = PBXGroup;
			children = (
				6938C7462B70EBCC004B9237 /* ViewModel.swift */,
			);
			path = ViewModels;
			sourceTree = "<group>";
		};
		6938C7522B712B5E004B9237 /* Network */ = {
			isa = PBXGroup;
			children = (
				6938C7442B6D43E8004B9237 /* NetworkManager.swift */,
			);
			path = Network;
			sourceTree = "<group>";
		};
		69C5B9092B6D28CF000FE25B = {
			isa = PBXGroup;
			children = (
				69C5B9142B6D28CF000FE25B /* APICalls */,
				69C5B9132B6D28CF000FE25B /* Products */,
			);
			sourceTree = "<group>";
		};
		69C5B9132B6D28CF000FE25B /* Products */ = {
			isa = PBXGroup;
			children = (
				69C5B9122B6D28CF000FE25B /* APICalls.app */,
			);
			name = Products;
			sourceTree = "<group>";
		};
		69C5B9142B6D28CF000FE25B /* APICalls */ = {
			isa = PBXGroup;
			children = (
				69C5B9152B6D28CF000FE25B /* APICallsApp.swift */,
				6938C7502B712B36004B9237 /* Models */,
				6938C7512B712B3C004B9237 /* ViewModels */,
				6938C74E2B7129CF004B9237 /* Views */,
				6938C7522B712B5E004B9237 /* Network */,
				6938C74F2B7129F1004B9237 /* Utils */,
				69C5B9192B6D28D1000FE25B /* Assets.xcassets */,
				69C5B91B2B6D28D1000FE25B /* APICalls.entitlements */,
				69C5B91C2B6D28D1000FE25B /* Preview Content */,
			);
			path = APICalls;
			sourceTree = "<group>";
		};
		69C5B91C2B6D28D1000FE25B /* Preview Content */ = {
			isa = PBXGroup;
			children = (
				69C5B91D2B6D28D1000FE25B /* Preview Assets.xcassets */,
			);
			path = "Preview Content";
			sourceTree = "<group>";
		};
/* End PBXGroup section */

/* Begin PBXNativeTarget section */
		69C5B9112B6D28CF000FE25B /* APICalls */ = {
			isa = PBXNativeTarget;
			buildConfigurationList = 69C5B9212B6D28D1000FE25B /* Build configuration list for PBXNativeTarget "APICalls" */;
			buildPhases = (
				69C5B90E2B6D28CF000FE25B /* Sources */,
				69C5B90F2B6D28CF000FE25B /* Frameworks */,
				69C5B9102B6D28CF000FE25B /* Resources */,
			);
			buildRules = (
			);
			dependencies = (
			);
			name = APICalls;
			productName = APICalls;
			productReference = 69C5B9122B6D28CF000FE25B /* APICalls.app */;
			productType = "com.apple.product-type.application";
		};
/* End PBXNativeTarget section */

/* Begin PBXProject section */
		69C5B90A2B6D28CF000FE25B /* Project object */ = {
			isa = PBXProject;
			attributes = {
				BuildIndependentTargetsInParallel = 1;
				LastSwiftUpdateCheck = 1510;
				LastUpgradeCheck = 1510;
				TargetAttributes = {
					69C5B9112B6D28CF000FE25B = {
						CreatedOnToolsVersion = 15.1;
					};
				};
			};
			buildConfigurationList = 69C5B90D2B6D28CF000FE25B /* Build configuration list for PBXProject "APICalls" */;
			compatibilityVersion = "Xcode 14.0";
			developmentRegion = en;
			hasScannedForEncodings = 0;
			knownRegions = (
				en,
				Base,
			);
			mainGroup = 69C5B9092B6D28CF000FE25B;
			productRefGroup = 69C5B9132B6D28CF000FE25B /* Products */;
			projectDirPath = "";
			projectRoot = "";
			targets = (
				69C5B9112B6D28CF000FE25B /* APICalls */,
			);
		};
/* End PBXProject section */

/* Begin PBXResourcesBuildPhase section */
		69C5B9102B6D28CF000FE25B /* Resources */ = {
			isa = PBXResourcesBuildPhase;
			buildActionMask = 2147483647;
			files = (
				69C5B91E2B6D28D1000FE25B /* Preview Assets.xcassets in Resources */,
				69C5B91A2B6D28D1000FE25B /* Assets.xcassets in Resources */,
			);
			runOnlyForDeploymentPostprocessing = 0;
		};
/* End PBXResourcesBuildPhase section */

/* Begin PBXSourcesBuildPhase section */
		69C5B90E2B6D28CF000FE25B /* Sources */ = {
			isa = PBXSourcesBuildPhase;
			buildActionMask = 2147483647;
			files = (
				6938C74D2B711C56004B9237 /* ListView.swift in Sources */,
				69C5B9182B6D28CF000FE25B /* ContentView.swift in Sources */,
				6938C74B2B70ED77004B9237 /* Helpers.swift in Sources */,
				6938C7452B6D43E8004B9237 /* NetworkManager.swift in Sources */,
				69C5B9162B6D28CF000FE25B /* APICallsApp.swift in Sources */,
				6938C7412B6D3097004B9237 /* Constants.swift in Sources */,
				6938C7472B70EBCC004B9237 /* ViewModel.swift in Sources */,
				6938C7432B6D42D0004B9237 /* Character.swift in Sources */,
			);
			runOnlyForDeploymentPostprocessing = 0;
		};
/* End PBXSourcesBuildPhase section */

/* Begin XCBuildConfiguration section */
		69C5B91F2B6D28D1000FE25B /* Debug */ = {
			isa = XCBuildConfiguration;
			buildSettings = {
				ALWAYS_SEARCH_USER_PATHS = NO;
				ASSETCATALOG_COMPILER_GENERATE_SWIFT_ASSET_SYMBOL_EXTENSIONS = YES;
				CLANG_ANALYZER_NONNULL = YES;
				CLANG_ANALYZER_NUMBER_OBJECT_CONVERSION = YES_AGGRESSIVE;
				CLANG_CXX_LANGUAGE_STANDARD = "gnu++20";
				CLANG_ENABLE_MODULES = YES;
				CLANG_ENABLE_OBJC_ARC = YES;
				CLANG_ENABLE_OBJC_WEAK = YES;
				CLANG_WARN_BLOCK_CAPTURE_AUTORELEASING = YES;
				CLANG_WARN_BOOL_CONVERSION = YES;
				CLANG_WARN_COMMA = YES;
				CLANG_WARN_CONSTANT_CONVERSION = YES;
				CLANG_WARN_DEPRECATED_OBJC_IMPLEMENTATIONS = YES;
				CLANG_WARN_DIRECT_OBJC_ISA_USAGE = YES_ERROR;
				CLANG_WARN_DOCUMENTATION_COMMENTS = YES;
				CLANG_WARN_EMPTY_BODY = YES;
				CLANG_WARN_ENUM_CONVERSION = YES;
				CLANG_WARN_INFINITE_RECURSION = YES;
				CLANG_WARN_INT_CONVERSION = YES;
				CLANG_WARN_NON_LITERAL_NULL_CONVERSION = YES;
				CLANG_WARN_OBJC_IMPLICIT_RETAIN_SELF = YES;
				CLANG_WARN_OBJC_LITERAL_CONVERSION = YES;
				CLANG_WARN_OBJC_ROOT_CLASS = YES_ERROR;
				CLANG_WARN_QUOTED_INCLUDE_IN_FRAMEWORK_HEADER = YES;
				CLANG_WARN_RANGE_LOOP_ANALYSIS = YES;
				CLANG_WARN_STRICT_PROTOTYPES = YES;
				CLANG_WARN_SUSPICIOUS_MOVE = YES;
				CLANG_WARN_UNGUARDED_AVAILABILITY = YES_AGGRESSIVE;
				CLANG_WARN_UNREACHABLE_CODE = YES;
				CLANG_WARN__DUPLICATE_METHOD_MATCH = YES;
				COPY_PHASE_STRIP = NO;
				DEBUG_INFORMATION_FORMAT = dwarf;
				ENABLE_STRICT_OBJC_MSGSEND = YES;
				ENABLE_TESTABILITY = YES;
				ENABLE_USER_SCRIPT_SANDBOXING = YES;
				GCC_C_LANGUAGE_STANDARD = gnu17;
				GCC_DYNAMIC_NO_PIC = NO;
				GCC_NO_COMMON_BLOCKS = YES;
				GCC_OPTIMIZATION_LEVEL = 0;
				GCC_PREPROCESSOR_DEFINITIONS = (
					"DEBUG=1",
					"$(inherited)",
				);
				GCC_WARN_64_TO_32_BIT_CONVERSION = YES;
				GCC_WARN_ABOUT_RETURN_TYPE = YES_ERROR;
				GCC_WARN_UNDECLARED_SELECTOR = YES;
				GCC_WARN_UNINITIALIZED_AUTOS = YES_AGGRESSIVE;
				GCC_WARN_UNUSED_FUNCTION = YES;
				GCC_WARN_UNUSED_VARIABLE = YES;
				LOCALIZATION_PREFERS_STRING_CATALOGS = YES;
				MTL_ENABLE_DEBUG_INFO = INCLUDE_SOURCE;
				MTL_FAST_MATH = YES;
				ONLY_ACTIVE_ARCH = YES;
				SWIFT_ACTIVE_COMPILATION_CONDITIONS = "DEBUG $(inherited)";
				SWIFT_OPTIMIZATION_LEVEL = "-Onone";
			};
			name = Debug;
		};
		69C5B9202B6D28D1000FE25B /* Release */ = {
			isa = XCBuildConfiguration;
			buildSettings = {
				ALWAYS_SEARCH_USER_PATHS = NO;
				ASSETCATALOG_COMPILER_GENERATE_SWIFT_ASSET_SYMBOL_EXTENSIONS = YES;
				CLANG_ANALYZER_NONNULL = YES;
				CLANG_ANALYZER_NUMBER_OBJECT_CONVERSION = YES_AGGRESSIVE;
				CLANG_CXX_LANGUAGE_STANDARD = "gnu++20";
				CLANG_ENABLE_MODULES = YES;
				CLANG_ENABLE_OBJC_ARC = YES;
				CLANG_ENABLE_OBJC_WEAK = YES;
				CLANG_WARN_BLOCK_CAPTURE_AUTORELEASING = YES;
				CLANG_WARN_BOOL_CONVERSION = YES;
				CLANG_WARN_COMMA = YES;
				CLANG_WARN_CONSTANT_CONVERSION = YES;
				CLANG_WARN_DEPRECATED_OBJC_IMPLEMENTATIONS = YES;
				CLANG_WARN_DIRECT_OBJC_ISA_USAGE = YES_ERROR;
				CLANG_WARN_DOCUMENTATION_COMMENTS = YES;
				CLANG_WARN_EMPTY_BODY = YES;
				CLANG_WARN_ENUM_CONVERSION = YES;
				CLANG_WARN_INFINITE_RECURSION = YES;
				CLANG_WARN_INT_CONVERSION = YES;
				CLANG_WARN_NON_LITERAL_NULL_CONVERSION = YES;
				CLANG_WARN_OBJC_IMPLICIT_RETAIN_SELF = YES;
				CLANG_WARN_OBJC_LITERAL_CONVERSION = YES;
				CLANG_WARN_OBJC_ROOT_CLASS = YES_ERROR;
				CLANG_WARN_QUOTED_INCLUDE_IN_FRAMEWORK_HEADER = YES;
				CLANG_WARN_RANGE_LOOP_ANALYSIS = YES;
				CLANG_WARN_STRICT_PROTOTYPES = YES;
				CLANG_WARN_SUSPICIOUS_MOVE = YES;
				CLANG_WARN_UNGUARDED_AVAILABILITY = YES_AGGRESSIVE;
				CLANG_WARN_UNREACHABLE_CODE = YES;
				CLANG_WARN__DUPLICATE_METHOD_MATCH = YES;
				COPY_PHASE_STRIP = NO;
				DEBUG_INFORMATION_FORMAT = "dwarf-with-dsym";
				ENABLE_NS_ASSERTIONS = NO;
				ENABLE_STRICT_OBJC_MSGSEND = YES;
				ENABLE_USER_SCRIPT_SANDBOXING = YES;
				GCC_C_LANGUAGE_STANDARD = gnu17;
				GCC_NO_COMMON_BLOCKS = YES;
				GCC_WARN_64_TO_32_BIT_CONVERSION = YES;
				GCC_WARN_ABOUT_RETURN_TYPE = YES_ERROR;
				GCC_WARN_UNDECLARED_SELECTOR = YES;
				GCC_WARN_UNINITIALIZED_AUTOS = YES_AGGRESSIVE;
				GCC_WARN_UNUSED_FUNCTION = YES;
				GCC_WARN_UNUSED_VARIABLE = YES;
				LOCALIZATION_PREFERS_STRING_CATALOGS = YES;
				MTL_ENABLE_DEBUG_INFO = NO;
				MTL_FAST_MATH = YES;
				SWIFT_COMPILATION_MODE = wholemodule;
			};
			name = Release;
		};
		69C5B9222B6D28D1000FE25B /* Debug */ = {
			isa = XCBuildConfiguration;
			buildSettings = {
				ASSETCATALOG_COMPILER_APPICON_NAME = AppIcon;
				ASSETCATALOG_COMPILER_GLOBAL_ACCENT_COLOR_NAME = AccentColor;
				CODE_SIGN_ENTITLEMENTS = APICalls/APICalls.entitlements;
				CODE_SIGN_STYLE = Automatic;
				CURRENT_PROJECT_VERSION = 1;
				DEVELOPMENT_ASSET_PATHS = "\"APICalls/Preview Content\"";
				DEVELOPMENT_TEAM = 9FVDFCLP22;
				ENABLE_HARDENED_RUNTIME = YES;
				ENABLE_PREVIEWS = YES;
				GENERATE_INFOPLIST_FILE = YES;
				"INFOPLIST_KEY_UIApplicationSceneManifest_Generation[sdk=iphoneos*]" = YES;
				"INFOPLIST_KEY_UIApplicationSceneManifest_Generation[sdk=iphonesimulator*]" = YES;
				"INFOPLIST_KEY_UIApplicationSupportsIndirectInputEvents[sdk=iphoneos*]" = YES;
				"INFOPLIST_KEY_UIApplicationSupportsIndirectInputEvents[sdk=iphonesimulator*]" = YES;
				"INFOPLIST_KEY_UILaunchScreen_Generation[sdk=iphoneos*]" = YES;
				"INFOPLIST_KEY_UILaunchScreen_Generation[sdk=iphonesimulator*]" = YES;
				"INFOPLIST_KEY_UIStatusBarStyle[sdk=iphoneos*]" = UIStatusBarStyleDefault;
				"INFOPLIST_KEY_UIStatusBarStyle[sdk=iphonesimulator*]" = UIStatusBarStyleDefault;
				INFOPLIST_KEY_UISupportedInterfaceOrientations_iPad = "UIInterfaceOrientationPortrait UIInterfaceOrientationPortraitUpsideDown UIInterfaceOrientationLandscapeLeft UIInterfaceOrientationLandscapeRight";
				INFOPLIST_KEY_UISupportedInterfaceOrientations_iPhone = "UIInterfaceOrientationPortrait UIInterfaceOrientationLandscapeLeft UIInterfaceOrientationLandscapeRight";
				IPHONEOS_DEPLOYMENT_TARGET = 17.2;
				LD_RUNPATH_SEARCH_PATHS = "@executable_path/Frameworks";
				"LD_RUNPATH_SEARCH_PATHS[sdk=macosx*]" = "@executable_path/../Frameworks";
				MACOSX_DEPLOYMENT_TARGET = 14.0;
				MARKETING_VERSION = 1.0;
				PRODUCT_BUNDLE_IDENTIFIER = com.RuiSilva.APICalls;
				PRODUCT_NAME = "$(TARGET_NAME)";
				SDKROOT = auto;
				SUPPORTED_PLATFORMS = "iphoneos iphonesimulator macosx";
				SWIFT_EMIT_LOC_STRINGS = YES;
				SWIFT_VERSION = 5.0;
				TARGETED_DEVICE_FAMILY = "1,2";
			};
			name = Debug;
		};
		69C5B9232B6D28D1000FE25B /* Release */ = {
			isa = XCBuildConfiguration;
			buildSettings = {
				ASSETCATALOG_COMPILER_APPICON_NAME = AppIcon;
				ASSETCATALOG_COMPILER_GLOBAL_ACCENT_COLOR_NAME = AccentColor;
				CODE_SIGN_ENTITLEMENTS = APICalls/APICalls.entitlements;
				CODE_SIGN_STYLE = Automatic;
				CURRENT_PROJECT_VERSION = 1;
				DEVELOPMENT_ASSET_PATHS = "\"APICalls/Preview Content\"";
				DEVELOPMENT_TEAM = 9FVDFCLP22;
				ENABLE_HARDENED_RUNTIME = YES;
				ENABLE_PREVIEWS = YES;
				GENERATE_INFOPLIST_FILE = YES;
				"INFOPLIST_KEY_UIApplicationSceneManifest_Generation[sdk=iphoneos*]" = YES;
				"INFOPLIST_KEY_UIApplicationSceneManifest_Generation[sdk=iphonesimulator*]" = YES;
				"INFOPLIST_KEY_UIApplicationSupportsIndirectInputEvents[sdk=iphoneos*]" = YES;
				"INFOPLIST_KEY_UIApplicationSupportsIndirectInputEvents[sdk=iphonesimulator*]" = YES;
				"INFOPLIST_KEY_UILaunchScreen_Generation[sdk=iphoneos*]" = YES;
				"INFOPLIST_KEY_UILaunchScreen_Generation[sdk=iphonesimulator*]" = YES;
				"INFOPLIST_KEY_UIStatusBarStyle[sdk=iphoneos*]" = UIStatusBarStyleDefault;
				"INFOPLIST_KEY_UIStatusBarStyle[sdk=iphonesimulator*]" = UIStatusBarStyleDefault;
				INFOPLIST_KEY_UISupportedInterfaceOrientations_iPad = "UIInterfaceOrientationPortrait UIInterfaceOrientationPortraitUpsideDown UIInterfaceOrientationLandscapeLeft UIInterfaceOrientationLandscapeRight";
				INFOPLIST_KEY_UISupportedInterfaceOrientations_iPhone = "UIInterfaceOrientationPortrait UIInterfaceOrientationLandscapeLeft UIInterfaceOrientationLandscapeRight";
				IPHONEOS_DEPLOYMENT_TARGET = 17.2;
				LD_RUNPATH_SEARCH_PATHS = "@executable_path/Frameworks";
				"LD_RUNPATH_SEARCH_PATHS[sdk=macosx*]" = "@executable_path/../Frameworks";
				MACOSX_DEPLOYMENT_TARGET = 14.0;
				MARKETING_VERSION = 1.0;
				PRODUCT_BUNDLE_IDENTIFIER = com.RuiSilva.APICalls;
				PRODUCT_NAME = "$(TARGET_NAME)";
				SDKROOT = auto;
				SUPPORTED_PLATFORMS = "iphoneos iphonesimulator macosx";
				SWIFT_EMIT_LOC_STRINGS = YES;
				SWIFT_VERSION = 5.0;
				TARGETED_DEVICE_FAMILY = "1,2";
			};
			name = Release;
		};
/* End XCBuildConfiguration section */

/* Begin XCConfigurationList section */
		69C5B90D2B6D28CF000FE25B /* Build configuration list for PBXProject "APICalls" */ = {
			isa = XCConfigurationList;
			buildConfigurations = (
				69C5B91F2B6D28D1000FE25B /* Debug */,
				69C5B9202B6D28D1000FE25B /* Release */,
			);
			defaultConfigurationIsVisible = 0;
			defaultConfigurationName = Release;
		};
		69C5B9212B6D28D1000FE25B /* Build configuration list for PBXNativeTarget "APICalls" */ = {
			isa = XCConfigurationList;
			buildConfigurations = (
				69C5B9222B6D28D1000FE25B /* Debug */,
				69C5B9232B6D28D1000FE25B /* Release */,
			);
			defaultConfigurationIsVisible = 0;
			defaultConfigurationName = Release;
		};
/* End XCConfigurationList section */
	};
	rootObject = 69C5B90A2B6D28CF000FE25B /* Project object */;
}
